{
  "name": "steemblr",
  "version": "0.1.0",
  "lockfileVersion": 1,
  "requires": true,
  "dependencies": {
    "react-timeago": {
      "version": "4.1.9",
      "resolved": "https://registry.npmjs.org/react-timeago/-/react-timeago-4.1.9.tgz",
      "integrity": "sha512-MKucv9nU65BOPqIrClAFxqvpGCC4RdRpqp0P1YIb7C3yT6TQVdcoOlr0k4TDHvLQhbkwd3nbTxiDQMa3iDlZxg=="
    }
  }
}
